// !$*UTF8*$!
{
	archiveVersion = 1;
	classes = {
	};
	objectVersion = 56;
	objects = {

/* Begin PBXBuildFile section */
		7B8AFBEC29AF53A800A7B805 /* PDFReaderButtons.swift in Sources */ = {isa = PBXBuildFile; fileRef = 7B8AFBEB29AF53A800A7B805 /* PDFReaderButtons.swift */; };
		7B8AFBEE29AF545600A7B805 /* PDFReaderNativePDFView.swift in Sources */ = {isa = PBXBuildFile; fileRef = 7B8AFBED29AF545600A7B805 /* PDFReaderNativePDFView.swift */; };
		7B8AFBF029AF54A300A7B805 /* PDFReaderAppearanceSetup.swift in Sources */ = {isa = PBXBuildFile; fileRef = 7B8AFBEF29AF54A300A7B805 /* PDFReaderAppearanceSetup.swift */; };
		7B8AFBF229AF54F900A7B805 /* PDFReaderPDFFileDocument.swift in Sources */ = {isa = PBXBuildFile; fileRef = 7B8AFBF129AF54F900A7B805 /* PDFReaderPDFFileDocument.swift */; };
		7BA85618299B96DB0088AB50 /* PDFViewerApp.swift in Sources */ = {isa = PBXBuildFile; fileRef = 7BA85617299B96DB0088AB50 /* PDFViewerApp.swift */; };
		7BA8561A299B96DB0088AB50 /* OpenPDFTestView.swift in Sources */ = {isa = PBXBuildFile; fileRef = 7BA85619299B96DB0088AB50 /* OpenPDFTestView.swift */; };
		7BA85629299B97BD0088AB50 /* PDFReader.swift in Sources */ = {isa = PBXBuildFile; fileRef = 7BA85628299B97BD0088AB50 /* PDFReader.swift */; };
		7BAA4A23299BA6CF00960F3E /* PDFBook.pdf in Resources */ = {isa = PBXBuildFile; fileRef = 7BAA4A22299BA6CF00960F3E /* PDFBook.pdf */; };
		7BCD0E5A29A52BDB00B6993F /* Asset.xcassets in Resources */ = {isa = PBXBuildFile; fileRef = 7BCD0E5929A52BDB00B6993F /* Asset.xcassets */; };
/* End PBXBuildFile section */

/* Begin PBXFileReference section */
		7B5A36C529A392B2006F49AA /* PDFViewerDebug.entitlements */ = {isa = PBXFileReference; lastKnownFileType = text.plist.entitlements; path = PDFViewerDebug.entitlements; sourceTree = "<group>"; };
		7B8AFBEB29AF53A800A7B805 /* PDFReaderButtons.swift */ = {isa = PBXFileReference; lastKnownFileType = sourcecode.swift; path = PDFReaderButtons.swift; sourceTree = "<group>"; };
		7B8AFBED29AF545600A7B805 /* PDFReaderNativePDFView.swift */ = {isa = PBXFileReference; lastKnownFileType = sourcecode.swift; path = PDFReaderNativePDFView.swift; sourceTree = "<group>"; };
		7B8AFBEF29AF54A300A7B805 /* PDFReaderAppearanceSetup.swift */ = {isa = PBXFileReference; lastKnownFileType = sourcecode.swift; path = PDFReaderAppearanceSetup.swift; sourceTree = "<group>"; };
		7B8AFBF129AF54F900A7B805 /* PDFReaderPDFFileDocument.swift */ = {isa = PBXFileReference; lastKnownFileType = sourcecode.swift; path = PDFReaderPDFFileDocument.swift; sourceTree = "<group>"; };
		7BA85614299B96DB0088AB50 /* PDFViewer.app */ = {isa = PBXFileReference; explicitFileType = wrapper.application; includeInIndex = 0; path = PDFViewer.app; sourceTree = BUILT_PRODUCTS_DIR; };
		7BA85617299B96DB0088AB50 /* PDFViewerApp.swift */ = {isa = PBXFileReference; lastKnownFileType = sourcecode.swift; path = PDFViewerApp.swift; sourceTree = "<group>"; };
		7BA85619299B96DB0088AB50 /* OpenPDFTestView.swift */ = {isa = PBXFileReference; lastKnownFileType = sourcecode.swift; path = OpenPDFTestView.swift; sourceTree = "<group>"; };
		7BA85628299B97BD0088AB50 /* PDFReader.swift */ = {isa = PBXFileReference; lastKnownFileType = sourcecode.swift; path = PDFReader.swift; sourceTree = "<group>"; };
		7BAA4A22299BA6CF00960F3E /* PDFBook.pdf */ = {isa = PBXFileReference; lastKnownFileType = image.pdf; path = PDFBook.pdf; sourceTree = "<group>"; };
		7BCD0E5929A52BDB00B6993F /* Asset.xcassets */ = {isa = PBXFileReference; lastKnownFileType = folder.assetcatalog; path = Asset.xcassets; sourceTree = "<group>"; };
/* End PBXFileReference section */

/* Begin PBXFrameworksBuildPhase section */
		7BA85611299B96DB0088AB50 /* Frameworks */ = {
			isa = PBXFrameworksBuildPhase;
			buildActionMask = 2147483647;
			files = (
			);
			runOnlyForDeploymentPostprocessing = 0;
		};
/* End PBXFrameworksBuildPhase section */

/* Begin PBXGroup section */
		7B8AFBF329AF5D8100A7B805 /* Components */ = {
			isa = PBXGroup;
			children = (
				7B8AFBF129AF54F900A7B805 /* PDFReaderPDFFileDocument.swift */,
				7B8AFBEF29AF54A300A7B805 /* PDFReaderAppearanceSetup.swift */,
				7B8AFBED29AF545600A7B805 /* PDFReaderNativePDFView.swift */,
				7B8AFBEB29AF53A800A7B805 /* PDFReaderButtons.swift */,
			);
			path = Components;
			sourceTree = "<group>";
		};
		7BA8560B299B96DB0088AB50 = {
			isa = PBXGroup;
			children = (
				7BA85616299B96DB0088AB50 /* PDFViewer */,
				7BA85615299B96DB0088AB50 /* Products */,
			);
			sourceTree = "<group>";
		};
		7BA85615299B96DB0088AB50 /* Products */ = {
			isa = PBXGroup;
			children = (
				7BA85614299B96DB0088AB50 /* PDFViewer.app */,
			);
			name = Products;
			sourceTree = "<group>";
		};
		7BA85616299B96DB0088AB50 /* PDFViewer */ = {
			isa = PBXGroup;
			children = (
				7B5A36C529A392B2006F49AA /* PDFViewerDebug.entitlements */,
				7BA85617299B96DB0088AB50 /* PDFViewerApp.swift */,
				7BA85619299B96DB0088AB50 /* OpenPDFTestView.swift */,
				7BA85628299B97BD0088AB50 /* PDFReader.swift */,
				7B8AFBF329AF5D8100A7B805 /* Components */,
				7BAA4A22299BA6CF00960F3E /* PDFBook.pdf */,
				7BCD0E5929A52BDB00B6993F /* Asset.xcassets */,
				7BA8561E299B96DC0088AB50 /* Preview Content */,
			);
			path = PDFViewer;
			sourceTree = "<group>";
		};
		7BA8561E299B96DC0088AB50 /* Preview Content */ = {
			isa = PBXGroup;
			children = (
			);
			path = "Preview Content";
			sourceTree = "<group>";
		};
/* End PBXGroup section */

/* Begin PBXNativeTarget section */
		7BA85613299B96DB0088AB50 /* PDFViewer */ = {
			isa = PBXNativeTarget;
			buildConfigurationList = 7BA85623299B96DC0088AB50 /* Build configuration list for PBXNativeTarget "PDFViewer" */;
			buildPhases = (
				7BA85610299B96DB0088AB50 /* Sources */,
				7BA85611299B96DB0088AB50 /* Frameworks */,
				7BA85612299B96DB0088AB50 /* Resources */,
			);
			buildRules = (
			);
			dependencies = (
			);
			name = PDFViewer;
			productName = PDFViewer;
			productReference = 7BA85614299B96DB0088AB50 /* PDFViewer.app */;
			productType = "com.apple.product-type.application";
		};
/* End PBXNativeTarget section */

/* Begin PBXProject section */
		7BA8560C299B96DB0088AB50 /* Project object */ = {
			isa = PBXProject;
			attributes = {
				BuildIndependentTargetsInParallel = 1;
				LastSwiftUpdateCheck = 1420;
				LastUpgradeCheck = 1420;
				TargetAttributes = {
					7BA85613299B96DB0088AB50 = {
						CreatedOnToolsVersion = 14.2;
					};
				};
			};
			buildConfigurationList = 7BA8560F299B96DB0088AB50 /* Build configuration list for PBXProject "PDFViewer" */;
			compatibilityVersion = "Xcode 14.0";
			developmentRegion = en;
			hasScannedForEncodings = 0;
			knownRegions = (
				en,
				Base,
			);
			mainGroup = 7BA8560B299B96DB0088AB50;
			productRefGroup = 7BA85615299B96DB0088AB50 /* Products */;
			projectDirPath = "";
			projectRoot = "";
			targets = (
				7BA85613299B96DB0088AB50 /* PDFViewer */,
			);
		};
/* End PBXProject section */

/* Begin PBXResourcesBuildPhase section */
		7BA85612299B96DB0088AB50 /* Resources */ = {
			isa = PBXResourcesBuildPhase;
			buildActionMask = 2147483647;
			files = (
				7BCD0E5A29A52BDB00B6993F /* Asset.xcassets in Resources */,
				7BAA4A23299BA6CF00960F3E /* PDFBook.pdf in Resources */,
			);
			runOnlyForDeploymentPostprocessing = 0;
		};
/* End PBXResourcesBuildPhase section */

/* Begin PBXSourcesBuildPhase section */
		7BA85610299B96DB0088AB50 /* Sources */ = {
			isa = PBXSourcesBuildPhase;
			buildActionMask = 2147483647;
			files = (
				7B8AFBEE29AF545600A7B805 /* PDFReaderNativePDFView.swift in Sources */,
				7BA8561A299B96DB0088AB50 /* OpenPDFTestView.swift in Sources */,
				7B8AFBEC29AF53A800A7B805 /* PDFReaderButtons.swift in Sources */,
				7BA85629299B97BD0088AB50 /* PDFReader.swift in Sources */,
				7B8AFBF229AF54F900A7B805 /* PDFReaderPDFFileDocument.swift in Sources */,
				7BA85618299B96DB0088AB50 /* PDFViewerApp.swift in Sources */,
				7B8AFBF029AF54A300A7B805 /* PDFReaderAppearanceSetup.swift in Sources */,
			);
			runOnlyForDeploymentPostprocessing = 0;
		};
/* End PBXSourcesBuildPhase section */

/* Begin XCBuildConfiguration section */
		7BA85621299B96DC0088AB50 /* Debug */ = {
			isa = XCBuildConfiguration;
			buildSettings = {
				ALWAYS_SEARCH_USER_PATHS = NO;
				CLANG_ANALYZER_NONNULL = YES;
				CLANG_ANALYZER_NUMBER_OBJECT_CONVERSION = YES_AGGRESSIVE;
				CLANG_CXX_LANGUAGE_STANDARD = "gnu++20";
				CLANG_ENABLE_MODULES = YES;
				CLANG_ENABLE_OBJC_ARC = YES;
				CLANG_ENABLE_OBJC_WEAK = YES;
				CLANG_WARN_BLOCK_CAPTURE_AUTORELEASING = YES;
				CLANG_WARN_BOOL_CONVERSION = YES;
				CLANG_WARN_COMMA = YES;
				CLANG_WARN_CONSTANT_CONVERSION = YES;
				CLANG_WARN_DEPRECATED_OBJC_IMPLEMENTATIONS = YES;
				CLANG_WARN_DIRECT_OBJC_ISA_USAGE = YES_ERROR;
				CLANG_WARN_DOCUMENTATION_COMMENTS = YES;
				CLANG_WARN_EMPTY_BODY = YES;
				CLANG_WARN_ENUM_CONVERSION = YES;
				CLANG_WARN_INFINITE_RECURSION = YES;
				CLANG_WARN_INT_CONVERSION = YES;
				CLANG_WARN_NON_LITERAL_NULL_CONVERSION = YES;
				CLANG_WARN_OBJC_IMPLICIT_RETAIN_SELF = YES;
				CLANG_WARN_OBJC_LITERAL_CONVERSION = YES;
				CLANG_WARN_OBJC_ROOT_CLASS = YES_ERROR;
				CLANG_WARN_QUOTED_INCLUDE_IN_FRAMEWORK_HEADER = YES;
				CLANG_WARN_RANGE_LOOP_ANALYSIS = YES;
				CLANG_WARN_STRICT_PROTOTYPES = YES;
				CLANG_WARN_SUSPICIOUS_MOVE = YES;
				CLANG_WARN_UNGUARDED_AVAILABILITY = YES_AGGRESSIVE;
				CLANG_WARN_UNREACHABLE_CODE = YES;
				CLANG_WARN__DUPLICATE_METHOD_MATCH = YES;
				COPY_PHASE_STRIP = NO;
				DEBUG_INFORMATION_FORMAT = dwarf;
				ENABLE_STRICT_OBJC_MSGSEND = YES;
				ENABLE_TESTABILITY = YES;
				GCC_C_LANGUAGE_STANDARD = gnu11;
				GCC_DYNAMIC_NO_PIC = NO;
				GCC_NO_COMMON_BLOCKS = YES;
				GCC_OPTIMIZATION_LEVEL = 0;
				GCC_PREPROCESSOR_DEFINITIONS = (
					"DEBUG=1",
					"$(inherited)",
				);
				GCC_WARN_64_TO_32_BIT_CONVERSION = YES;
				GCC_WARN_ABOUT_RETURN_TYPE = YES_ERROR;
				GCC_WARN_UNDECLARED_SELECTOR = YES;
				GCC_WARN_UNINITIALIZED_AUTOS = YES_AGGRESSIVE;
				GCC_WARN_UNUSED_FUNCTION = YES;
				GCC_WARN_UNUSED_VARIABLE = YES;
				MTL_ENABLE_DEBUG_INFO = INCLUDE_SOURCE;
				MTL_FAST_MATH = YES;
				ONLY_ACTIVE_ARCH = YES;
				SWIFT_ACTIVE_COMPILATION_CONDITIONS = DEBUG;
				SWIFT_OPTIMIZATION_LEVEL = "-Onone";
			};
			name = Debug;
		};
		7BA85622299B96DC0088AB50 /* Release */ = {
			isa = XCBuildConfiguration;
			buildSettings = {
				ALWAYS_SEARCH_USER_PATHS = NO;
				CLANG_ANALYZER_NONNULL = YES;
				CLANG_ANALYZER_NUMBER_OBJECT_CONVERSION = YES_AGGRESSIVE;
				CLANG_CXX_LANGUAGE_STANDARD = "gnu++20";
				CLANG_ENABLE_MODULES = YES;
				CLANG_ENABLE_OBJC_ARC = YES;
				CLANG_ENABLE_OBJC_WEAK = YES;
				CLANG_WARN_BLOCK_CAPTURE_AUTORELEASING = YES;
				CLANG_WARN_BOOL_CONVERSION = YES;
				CLANG_WARN_COMMA = YES;
				CLANG_WARN_CONSTANT_CONVERSION = YES;
				CLANG_WARN_DEPRECATED_OBJC_IMPLEMENTATIONS = YES;
				CLANG_WARN_DIRECT_OBJC_ISA_USAGE = YES_ERROR;
				CLANG_WARN_DOCUMENTATION_COMMENTS = YES;
				CLANG_WARN_EMPTY_BODY = YES;
				CLANG_WARN_ENUM_CONVERSION = YES;
				CLANG_WARN_INFINITE_RECURSION = YES;
				CLANG_WARN_INT_CONVERSION = YES;
				CLANG_WARN_NON_LITERAL_NULL_CONVERSION = YES;
				CLANG_WARN_OBJC_IMPLICIT_RETAIN_SELF = YES;
				CLANG_WARN_OBJC_LITERAL_CONVERSION = YES;
				CLANG_WARN_OBJC_ROOT_CLASS = YES_ERROR;
				CLANG_WARN_QUOTED_INCLUDE_IN_FRAMEWORK_HEADER = YES;
				CLANG_WARN_RANGE_LOOP_ANALYSIS = YES;
				CLANG_WARN_STRICT_PROTOTYPES = YES;
				CLANG_WARN_SUSPICIOUS_MOVE = YES;
				CLANG_WARN_UNGUARDED_AVAILABILITY = YES_AGGRESSIVE;
				CLANG_WARN_UNREACHABLE_CODE = YES;
				CLANG_WARN__DUPLICATE_METHOD_MATCH = YES;
				COPY_PHASE_STRIP = NO;
				DEBUG_INFORMATION_FORMAT = "dwarf-with-dsym";
				ENABLE_NS_ASSERTIONS = NO;
				ENABLE_STRICT_OBJC_MSGSEND = YES;
				GCC_C_LANGUAGE_STANDARD = gnu11;
				GCC_NO_COMMON_BLOCKS = YES;
				GCC_WARN_64_TO_32_BIT_CONVERSION = YES;
				GCC_WARN_ABOUT_RETURN_TYPE = YES_ERROR;
				GCC_WARN_UNDECLARED_SELECTOR = YES;
				GCC_WARN_UNINITIALIZED_AUTOS = YES_AGGRESSIVE;
				GCC_WARN_UNUSED_FUNCTION = YES;
				GCC_WARN_UNUSED_VARIABLE = YES;
				MTL_ENABLE_DEBUG_INFO = NO;
				MTL_FAST_MATH = YES;
				SWIFT_COMPILATION_MODE = wholemodule;
				SWIFT_OPTIMIZATION_LEVEL = "-O";
			};
			name = Release;
		};
		7BA85624299B96DC0088AB50 /* Debug */ = {
			isa = XCBuildConfiguration;
			buildSettings = {
				ASSETCATALOG_COMPILER_APPICON_NAME = AppIcon;
				ASSETCATALOG_COMPILER_GLOBAL_ACCENT_COLOR_NAME = AccentColor;
				CODE_SIGN_ENTITLEMENTS = PDFViewer/PDFViewerDebug.entitlements;
				CODE_SIGN_STYLE = Automatic;
				CURRENT_PROJECT_VERSION = 1;
				DEVELOPMENT_ASSET_PATHS = "\"PDFViewer/Preview Content\"";
				DEVELOPMENT_TEAM = G9H564688N;
				ENABLE_HARDENED_RUNTIME = YES;
				ENABLE_PREVIEWS = YES;
				GENERATE_INFOPLIST_FILE = YES;
				"INFOPLIST_KEY_UIApplicationSceneManifest_Generation[sdk=iphoneos*]" = YES;
				"INFOPLIST_KEY_UIApplicationSceneManifest_Generation[sdk=iphonesimulator*]" = YES;
				"INFOPLIST_KEY_UIApplicationSupportsIndirectInputEvents[sdk=iphoneos*]" = YES;
				"INFOPLIST_KEY_UIApplicationSupportsIndirectInputEvents[sdk=iphonesimulator*]" = YES;
				"INFOPLIST_KEY_UILaunchScreen_Generation[sdk=iphoneos*]" = YES;
				"INFOPLIST_KEY_UILaunchScreen_Generation[sdk=iphonesimulator*]" = YES;
				"INFOPLIST_KEY_UIStatusBarStyle[sdk=iphoneos*]" = UIStatusBarStyleDefault;
				"INFOPLIST_KEY_UIStatusBarStyle[sdk=iphonesimulator*]" = UIStatusBarStyleDefault;
				INFOPLIST_KEY_UISupportedInterfaceOrientations_iPad = "UIInterfaceOrientationPortrait UIInterfaceOrientationPortraitUpsideDown UIInterfaceOrientationLandscapeLeft UIInterfaceOrientationLandscapeRight";
				INFOPLIST_KEY_UISupportedInterfaceOrientations_iPhone = "UIInterfaceOrientationPortrait UIInterfaceOrientationLandscapeLeft UIInterfaceOrientationLandscapeRight";
				IPHONEOS_DEPLOYMENT_TARGET = 16.2;
				LD_RUNPATH_SEARCH_PATHS = "@executable_path/Frameworks";
				"LD_RUNPATH_SEARCH_PATHS[sdk=macosx*]" = "@executable_path/../Frameworks";
				MACOSX_DEPLOYMENT_TARGET = 13.1;
				MARKETING_VERSION = 1.0;
				PRODUCT_BUNDLE_IDENTIFIER = com.vincenzopascarella.PDFViewer;
				PRODUCT_NAME = "$(TARGET_NAME)";
				SDKROOT = auto;
				SUPPORTED_PLATFORMS = "iphoneos iphonesimulator macosx";
				SWIFT_EMIT_LOC_STRINGS = YES;
				SWIFT_VERSION = 5.0;
				TARGETED_DEVICE_FAMILY = "1,2";
			};
			name = Debug;
		};
		7BA85625299B96DC0088AB50 /* Release */ = {
			isa = XCBuildConfiguration;
			buildSettings = {
				ASSETCATALOG_COMPILER_APPICON_NAME = AppIcon;
				ASSETCATALOG_COMPILER_GLOBAL_ACCENT_COLOR_NAME = AccentColor;
				CODE_SIGN_STYLE = Automatic;
				CURRENT_PROJECT_VERSION = 1;
				DEVELOPMENT_ASSET_PATHS = "\"PDFViewer/Preview Content\"";
				DEVELOPMENT_TEAM = G9H564688N;
				ENABLE_HARDENED_RUNTIME = YES;
				ENABLE_PREVIEWS = YES;
				GENERATE_INFOPLIST_FILE = YES;
				"INFOPLIST_KEY_UIApplicationSceneManifest_Generation[sdk=iphoneos*]" = YES;
				"INFOPLIST_KEY_UIApplicationSceneManifest_Generation[sdk=iphonesimulator*]" = YES;
				"INFOPLIST_KEY_UIApplicationSupportsIndirectInputEvents[sdk=iphoneos*]" = YES;
				"INFOPLIST_KEY_UIApplicationSupportsIndirectInputEvents[sdk=iphonesimulator*]" = YES;
				"INFOPLIST_KEY_UILaunchScreen_Generation[sdk=iphoneos*]" = YES;
				"INFOPLIST_KEY_UILaunchScreen_Generation[sdk=iphonesimulator*]" = YES;
				"INFOPLIST_KEY_UIStatusBarStyle[sdk=iphoneos*]" = UIStatusBarStyleDefault;
				"INFOPLIST_KEY_UIStatusBarStyle[sdk=iphonesimulator*]" = UIStatusBarStyleDefault;
				INFOPLIST_KEY_UISupportedInterfaceOrientations_iPad = "UIInterfaceOrientationPortrait UIInterfaceOrientationPortraitUpsideDown UIInterfaceOrientationLandscapeLeft UIInterfaceOrientationLandscapeRight";
				INFOPLIST_KEY_UISupportedInterfaceOrientations_iPhone = "UIInterfaceOrientationPortrait UIInterfaceOrientationLandscapeLeft UIInterfaceOrientationLandscapeRight";
				IPHONEOS_DEPLOYMENT_TARGET = 16.2;
				LD_RUNPATH_SEARCH_PATHS = "@executable_path/Frameworks";
				"LD_RUNPATH_SEARCH_PATHS[sdk=macosx*]" = "@executable_path/../Frameworks";
				MACOSX_DEPLOYMENT_TARGET = 13.1;
				MARKETING_VERSION = 1.0;
				PRODUCT_BUNDLE_IDENTIFIER = com.vincenzopascarella.PDFViewer;
				PRODUCT_NAME = "$(TARGET_NAME)";
				SDKROOT = auto;
				SUPPORTED_PLATFORMS = "iphoneos iphonesimulator macosx";
				SWIFT_EMIT_LOC_STRINGS = YES;
				SWIFT_VERSION = 5.0;
				TARGETED_DEVICE_FAMILY = "1,2";
			};
			name = Release;
		};
/* End XCBuildConfiguration section */

/* Begin XCConfigurationList section */
		7BA8560F299B96DB0088AB50 /* Build configuration list for PBXProject "PDFViewer" */ = {
			isa = XCConfigurationList;
			buildConfigurations = (
				7BA85621299B96DC0088AB50 /* Debug */,
				7BA85622299B96DC0088AB50 /* Release */,
			);
			defaultConfigurationIsVisible = 0;
			defaultConfigurationName = Release;
		};
		7BA85623299B96DC0088AB50 /* Build configuration list for PBXNativeTarget "PDFViewer" */ = {
			isa = XCConfigurationList;
			buildConfigurations = (
				7BA85624299B96DC0088AB50 /* Debug */,
				7BA85625299B96DC0088AB50 /* Release */,
			);
			defaultConfigurationIsVisible = 0;
			defaultConfigurationName = Release;
		};
/* End XCConfigurationList section */
	};
	rootObject = 7BA8560C299B96DB0088AB50 /* Project object */;
}
